# This file is automatically @generated by Poetry 1.8.4 and should not be changed by hand.

[[package]]
name = "blinker"
version = "1.9.0"
description = "Fast, simple object-to-object and broadcast signaling"
optional = false
python-versions = ">=3.9"
files = [
    {file = "blinker-1.9.0-py3-none-any.whl", hash = "sha256:ba0efaa9080b619ff2f3459d1d500c57bddea4a6b424b60a91141db6fd2f08bc"},
    {file = "blinker-1.9.0.tar.gz", hash = "sha256:b4ce2265a7abece45e7cc896e98dbebe6cead56bcf805a3d23136d145f5445bf"},
]

[[package]]
name = "click"
version = "8.1.8"
description = "Composable command line interface toolkit"
optional = false
python-versions = ">=3.7"
files = [
    {file = "click-8.1.8-py3-none-any.whl", hash = "sha256:63c132bbbed01578a06712a2d1f497bb62d9c1c0d329b7903a866228027263b2"},
    {file = "click-8.1.8.tar.gz", hash = "sha256:ed53c9d8990d83c2a27deae68e4ee337473f6330c040a31d4225c9574d16096a"},
]

[package.dependencies]
colorama = {version = "*", markers = "platform_system == \"Windows\""}

[[package]]
name = "colorama"
version = "0.4.6"
description = "Cross-platform colored terminal text."
optional = false
python-versions = "!=3.0.*,!=3.1.*,!=3.2.*,!=3.3.*,!=3.4.*,!=3.5.*,!=3.6.*,>=2.7"
files = [
    {file = "colorama-0.4.6-py2.py3-none-any.whl", hash = "sha256:4f1d9991f5acc0ca119f9d443620b77f9d6b33703e51011c16baf57afb285fc6"},
    {file = "colorama-0.4.6.tar.gz", hash = "sha256:08695f5cb7ed6e0531a20572697297273c47b8cae5a63ffc6d6ed5c201be6e44"},
]

[[package]]
name = "flask"
version = "3.1.0"
description = "A simple framework for building complex web applications."
optional = false
python-versions = ">=3.9"
files = [
    {file = "flask-3.1.0-py3-none-any.whl", hash = "sha256:d667207822eb83f1c4b50949b1623c8fc8d51f2341d65f72e1a1815397551136"},
    {file = "flask-3.1.0.tar.gz", hash = "sha256:5f873c5184c897c8d9d1b05df1e3d01b14910ce69607a117bd3277098a5836ac"},
]

[package.dependencies]
blinker = ">=1.9"
click = ">=8.1.3"
itsdangerous = ">=2.2"
Jinja2 = ">=3.1.2"
Werkzeug = ">=3.1"

[package.extras]
async = ["asgiref (>=3.2)"]
dotenv = ["python-dotenv"]

[[package]]
name = "itsdangerous"
version = "2.2.0"
description = "Safely pass data to untrusted environments and back."
optional = false
python-versions = ">=3.8"
files = [
    {file = "itsdangerous-2.2.0-py3-none-any.whl", hash = "sha256:c6242fc49e35958c8b15141343aa660db5fc54d4f13a1db01a3f5891b98700ef"},
    {file = "itsdangerous-2.2.0.tar.gz", hash = "sha256:e0050c0b7da1eea53ffaf149c0cfbb5c6e2e2b69c4bef22c81fa6eb73e5f6173"},
]

[[package]]
name = "jinja2"
version = "3.1.6"
description = "A very fast and expressive template engine."
optional = false
python-versions = ">=3.7"
files = [
    {file = "jinja2-3.1.6-py3-none-any.whl", hash = "sha256:85ece4451f492d0c13c5dd7c13a64681a86afae63a5f347908daf103ce6d2f67"},
    {file = "jinja2-3.1.6.tar.gz", hash = "sha256:0137fb05990d35f1275a587e9aee6d56da821fc83491a0fb838183be43f66d6d"},
]

[package.dependencies]
MarkupSafe = ">=2.0"

[package.extras]
i18n = ["Babel (>=2.7)"]

[[package]]
name = "markupsafe"
version = "3.0.2"
description = "Safely add untrusted strings to HTML/XML markup."
optional = false
python-versions = ">=3.9"
files = [
    {file = "MarkupSafe-3.0.2-cp310-cp310-macosx_10_9_universal2.whl", hash = "sha256:7e94c425039cde14257288fd61dcfb01963e658efbc0ff54f5306b06054700f8"},
    {file = "MarkupSafe-3.0.2-cp310-cp310-macosx_11_0_arm64.whl", hash = "sha256:9e2d922824181480953426608b81967de705c3cef4d1af983af849d7bd619158"},
    {file = "MarkupSafe-3.0.2-cp310-cp310-manylinux_2_17_aarch64.manylinux2014_aarch64.whl", hash = "sha256:38a9ef736c01fccdd6600705b09dc574584b89bea478200c5fbf112a6b0d5579"},
    {file = "MarkupSafe-3.0.2-cp310-cp310-manylinux_2_17_x86_64.manylinux2014_x86_64.whl", hash = "sha256:bbcb445fa71794da8f178f0f6d66789a28d7319071af7a496d4d507ed566270d"},
    {file = "MarkupSafe-3.0.2-cp310-cp310-manylinux_2_5_i686.manylinux1_i686.manylinux_2_17_i686.manylinux2014_i686.whl", hash = "sha256:57cb5a3cf367aeb1d316576250f65edec5bb3be939e9247ae594b4bcbc317dfb"},
    {file = "MarkupSafe-3.0.2-cp310-cp310-musllinux_1_2_aarch64.whl", hash = "sha256:3809ede931876f5b2ec92eef964286840ed3540dadf803dd570c3b7e13141a3b"},
    {file = "MarkupSafe-3.0.2-cp310-cp310-musllinux_1_2_i686.whl", hash = "sha256:e07c3764494e3776c602c1e78e298937c3315ccc9043ead7e685b7f2b8d47b3c"},
    {file = "MarkupSafe-3.0.2-cp310-cp310-musllinux_1_2_x86_64.whl", hash = "sha256:b424c77b206d63d500bcb69fa55ed8d0e6a3774056bdc4839fc9298a7edca171"},
    {file = "MarkupSafe-3.0.2-cp310-cp310-win32.whl", hash = "sha256:fcabf5ff6eea076f859677f5f0b6b5c1a51e70a376b0579e0eadef8db48c6b50"},
    {file = "MarkupSafe-3.0.2-cp310-cp310-win_amd64.whl", hash = "sha256:6af100e168aa82a50e186c82875a5893c5597a0c1ccdb0d8b40240b1f28b969a"},
    {file = "MarkupSafe-3.0.2-cp311-cp311-macosx_10_9_universal2.whl", hash = "sha256:9025b4018f3a1314059769c7bf15441064b2207cb3f065e6ea1e7359cb46db9d"},
    {file = "MarkupSafe-3.0.2-cp311-cp311-macosx_11_0_arm64.whl", hash = "sha256:93335ca3812df2f366e80509ae119189886b0f3c2b81325d39efdb84a1e2ae93"},
    {file = "MarkupSafe-3.0.2-cp311-cp311-manylinux_2_17_aarch64.manylinux2014_aarch64.whl", hash = "sha256:2cb8438c3cbb25e220c2ab33bb226559e7afb3baec11c4f218ffa7308603c832"},
    {file = "MarkupSafe-3.0.2-cp311-cp311-manylinux_2_17_x86_64.manylinux2014_x86_64.whl", hash = "sha256:a123e330ef0853c6e822384873bef7507557d8e4a082961e1defa947aa59ba84"},
    {file = "MarkupSafe-3.0.2-cp311-cp311-manylinux_2_5_i686.manylinux1_i686.manylinux_2_17_i686.manylinux2014_i686.whl", hash = "sha256:1e084f686b92e5b83186b07e8a17fc09e38fff551f3602b249881fec658d3eca"},
    {file = "MarkupSafe-3.0.2-cp311-cp311-musllinux_1_2_aarch64.whl", hash = "sha256:d8213e09c917a951de9d09ecee036d5c7d36cb6cb7dbaece4c71a60d79fb9798"},
    {file = "MarkupSafe-3.0.2-cp311-cp311-musllinux_1_2_i686.whl", hash = "sha256:5b02fb34468b6aaa40dfc198d813a641e3a63b98c2b05a16b9f80b7ec314185e"},
    {file = "MarkupSafe-3.0.2-cp311-cp311-musllinux_1_2_x86_64.whl", hash = "sha256:0bff5e0ae4ef2e1ae4fdf2dfd5b76c75e5c2fa4132d05fc1b0dabcd20c7e28c4"},
    {file = "MarkupSafe-3.0.2-cp311-cp311-win32.whl", hash = "sha256:6c89876f41da747c8d3677a2b540fb32ef5715f97b66eeb0c6b66f5e3ef6f59d"},
    {file = "MarkupSafe-3.0.2-cp311-cp311-win_amd64.whl", hash = "sha256:70a87b411535ccad5ef2f1df5136506a10775d267e197e4cf531ced10537bd6b"},
    {file = "MarkupSafe-3.0.2-cp312-cp312-macosx_10_13_universal2.whl", hash = "sha256:9778bd8ab0a994ebf6f84c2b949e65736d5575320a17ae8984a77fab08db94cf"},
    {file = "MarkupSafe-3.0.2-cp312-cp312-macosx_11_0_arm64.whl", hash = "sha256:846ade7b71e3536c4e56b386c2a47adf5741d2d8b94ec9dc3e92e5e1ee1e2225"},
    {file = "MarkupSafe-3.0.2-cp312-cp312-manylinux_2_17_aarch64.manylinux2014_aarch64.whl", hash = "sha256:1c99d261bd2d5f6b59325c92c73df481e05e57f19837bdca8413b9eac4bd8028"},
    {file = "MarkupSafe-3.0.2-cp312-cp312-manylinux_2_17_x86_64.manylinux2014_x86_64.whl", hash = "sha256:e17c96c14e19278594aa4841ec148115f9c7615a47382ecb6b82bd8fea3ab0c8"},
    {file = "MarkupSafe-3.0.2-cp312-cp312-manylinux_2_5_i686.manylinux1_i686.manylinux_2_17_i686.manylinux2014_i686.whl", hash = "sha256:88416bd1e65dcea10bc7569faacb2c20ce071dd1f87539ca2ab364bf6231393c"},
    {file = "MarkupSafe-3.0.2-cp312-cp312-musllinux_1_2_aarch64.whl", hash = "sha256:2181e67807fc2fa785d0592dc2d6206c019b9502410671cc905d132a92866557"},
    {file = "MarkupSafe-3.0.2-cp312-cp312-musllinux_1_2_i686.whl", hash = "sha256:52305740fe773d09cffb16f8ed0427942901f00adedac82ec8b67752f58a1b22"},
    {file = "MarkupSafe-3.0.2-cp312-cp312-musllinux_1_2_x86_64.whl", hash = "sha256:ad10d3ded218f1039f11a75f8091880239651b52e9bb592ca27de44eed242a48"},
    {file = "MarkupSafe-3.0.2-cp312-cp312-win32.whl", hash = "sha256:0f4ca02bea9a23221c0182836703cbf8930c5e9454bacce27e767509fa286a30"},
    {file = "MarkupSafe-3.0.2-cp312-cp312-win_amd64.whl", hash = "sha256:8e06879fc22a25ca47312fbe7c8264eb0b662f6db27cb2d3bbbc74b1df4b9b87"},
    {file = "MarkupSafe-3.0.2-cp313-cp313-macosx_10_13_universal2.whl", hash = "sha256:ba9527cdd4c926ed0760bc301f6728ef34d841f405abf9d4f959c478421e4efd"},
    {file = "MarkupSafe-3.0.2-cp313-cp313-macosx_11_0_arm64.whl", hash = "sha256:f8b3d067f2e40fe93e1ccdd6b2e1d16c43140e76f02fb1319a05cf2b79d99430"},
    {file = "MarkupSafe-3.0.2-cp313-cp313-manylinux_2_17_aarch64.manylinux2014_aarch64.whl", hash = "sha256:569511d3b58c8791ab4c2e1285575265991e6d8f8700c7be0e88f86cb0672094"},
    {file = "MarkupSafe-3.0.2-cp313-cp313-manylinux_2_17_x86_64.manylinux2014_x86_64.whl", hash = "sha256:15ab75ef81add55874e7ab7055e9c397312385bd9ced94920f2802310c930396"},
    {file = "MarkupSafe-3.0.2-cp313-cp313-manylinux_2_5_i686.manylinux1_i686.manylinux_2_17_i686.manylinux2014_i686.whl", hash = "sha256:f3818cb119498c0678015754eba762e0d61e5b52d34c8b13d770f0719f7b1d79"},
    {file = "MarkupSafe-3.0.2-cp313-cp313-musllinux_1_2_aarch64.whl", hash = "sha256:cdb82a876c47801bb54a690c5ae105a46b392ac6099881cdfb9f6e95e4014c6a"},
    {file = "MarkupSafe-3.0.2-cp313-cp313-musllinux_1_2_i686.whl", hash = "sha256:cabc348d87e913db6ab4aa100f01b08f481097838bdddf7c7a84b7575b7309ca"},
    {file = "MarkupSafe-3.0.2-cp313-cp313-musllinux_1_2_x86_64.whl", hash = "sha256:444dcda765c8a838eaae23112db52f1efaf750daddb2d9ca300bcae1039adc5c"},
    {file = "MarkupSafe-3.0.2-cp313-cp313-win32.whl", hash = "sha256:bcf3e58998965654fdaff38e58584d8937aa3096ab5354d493c77d1fdd66d7a1"},
    {file = "MarkupSafe-3.0.2-cp313-cp313-win_amd64.whl", hash = "sha256:e6a2a455bd412959b57a172ce6328d2dd1f01cb2135efda2e4576e8a23fa3b0f"},
    {file = "MarkupSafe-3.0.2-cp313-cp313t-macosx_10_13_universal2.whl", hash = "sha256:b5a6b3ada725cea8a5e634536b1b01c30bcdcd7f9c6fff4151548d5bf6b3a36c"},
    {file = "MarkupSafe-3.0.2-cp313-cp313t-macosx_11_0_arm64.whl", hash = "sha256:a904af0a6162c73e3edcb969eeeb53a63ceeb5d8cf642fade7d39e7963a22ddb"},
    {file = "MarkupSafe-3.0.2-cp313-cp313t-manylinux_2_17_aarch64.manylinux2014_aarch64.whl", hash = "sha256:4aa4e5faecf353ed117801a068ebab7b7e09ffb6e1d5e412dc852e0da018126c"},
    {file = "MarkupSafe-3.0.2-cp313-cp313t-manylinux_2_17_x86_64.manylinux2014_x86_64.whl", hash = "sha256:c0ef13eaeee5b615fb07c9a7dadb38eac06a0608b41570d8ade51c56539e509d"},
    {file = "MarkupSafe-3.0.2-cp313-cp313t-manylinux_2_5_i686.manylinux1_i686.manylinux_2_17_i686.manylinux2014_i686.whl", hash = "sha256:d16a81a06776313e817c951135cf7340a3e91e8c1ff2fac444cfd75fffa04afe"},
    {file = "MarkupSafe-3.0.2-cp313-cp313t-musllinux_1_2_aarch64.whl", hash = "sha256:6381026f158fdb7c72a168278597a5e3a5222e83ea18f543112b2662a9b699c5"},
    {file = "MarkupSafe-3.0.2-cp313-cp313t-musllinux_1_2_i686.whl", hash = "sha256:3d79d162e7be8f996986c064d1c7c817f6df3a77fe3d6859f6f9e7be4b8c213a"},
    {file = "MarkupSafe-3.0.2-cp313-cp313t-musllinux_1_2_x86_64.whl", hash = "sha256:131a3c7689c85f5ad20f9f6fb1b866f402c445b220c19fe4308c0b147ccd2ad9"},
    {file = "MarkupSafe-3.0.2-cp313-cp313t-win32.whl", hash = "sha256:ba8062ed2cf21c07a9e295d5b8a2a5ce678b913b45fdf68c32d95d6c1291e0b6"},
    {file = "MarkupSafe-3.0.2-cp313-cp313t-win_amd64.whl", hash = "sha256:e444a31f8db13eb18ada366ab3cf45fd4b31e4db1236a4448f68778c1d1a5a2f"},
    {file = "MarkupSafe-3.0.2-cp39-cp39-macosx_10_9_universal2.whl", hash = "sha256:eaa0a10b7f72326f1372a713e73c3f739b524b3af41feb43e4921cb529f5929a"},
    {file = "MarkupSafe-3.0.2-cp39-cp39-macosx_11_0_arm64.whl", hash = "sha256:48032821bbdf20f5799ff537c7ac3d1fba0ba032cfc06194faffa8cda8b560ff"},
    {file = "MarkupSafe-3.0.2-cp39-cp39-manylinux_2_17_aarch64.manylinux2014_aarch64.whl", hash = "sha256:1a9d3f5f0901fdec14d8d2f66ef7d035f2157240a433441719ac9a3fba440b13"},
    {file = "MarkupSafe-3.0.2-cp39-cp39-manylinux_2_17_x86_64.manylinux2014_x86_64.whl", hash = "sha256:88b49a3b9ff31e19998750c38e030fc7bb937398b1f78cfa599aaef92d693144"},
    {file = "MarkupSafe-3.0.2-cp39-cp39-manylinux_2_5_i686.manylinux1_i686.manylinux_2_17_i686.manylinux2014_i686.whl", hash = "sha256:cfad01eed2c2e0c01fd0ecd2ef42c492f7f93902e39a42fc9ee1692961443a29"},
    {file = "MarkupSafe-3.0.2-cp39-cp39-musllinux_1_2_aarch64.whl", hash = "sha256:1225beacc926f536dc82e45f8a4d68502949dc67eea90eab715dea3a21c1b5f0"},
    {file = "MarkupSafe-3.0.2-cp39-cp39-musllinux_1_2_i686.whl", hash = "sha256:3169b1eefae027567d1ce6ee7cae382c57fe26e82775f460f0b2778beaad66c0"},
    {file = "MarkupSafe-3.0.2-cp39-cp39-musllinux_1_2_x86_64.whl", hash = "sha256:eb7972a85c54febfb25b5c4b4f3af4dcc731994c7da0d8a0b4a6eb0640e1d178"},
    {file = "MarkupSafe-3.0.2-cp39-cp39-win32.whl", hash = "sha256:8c4e8c3ce11e1f92f6536ff07154f9d49677ebaaafc32db9db4620bc11ed480f"},
    {file = "MarkupSafe-3.0.2-cp39-cp39-win_amd64.whl", hash = "sha256:6e296a513ca3d94054c2c881cc913116e90fd030ad1c656b3869762b754f5f8a"},
    {file = "markupsafe-3.0.2.tar.gz", hash = "sha256:ee55d3edf80167e48ea11a923c7386f4669df67d7994554387f84e7d8b0a2bf0"},
]

[[package]]
name = "mmh3"
version = "5.1.0"
description = "Python extension for MurmurHash (MurmurHash3), a set of fast and robust hash functions."
optional = false
python-versions = ">=3.9"
files = [
    {file = "mmh3-5.1.0-cp310-cp310-macosx_10_9_universal2.whl", hash = "sha256:eaf4ac5c6ee18ca9232238364d7f2a213278ae5ca97897cafaa123fcc7bb8bec"},
    {file = "mmh3-5.1.0-cp310-cp310-macosx_10_9_x86_64.whl", hash = "sha256:48f9aa8ccb9ad1d577a16104834ac44ff640d8de8c0caed09a2300df7ce8460a"},
    {file = "mmh3-5.1.0-cp310-cp310-macosx_11_0_arm64.whl", hash = "sha256:d4ba8cac21e1f2d4e436ce03a82a7f87cda80378691f760e9ea55045ec480a3d"},
    {file = "mmh3-5.1.0-cp310-cp310-manylinux_2_17_aarch64.manylinux2014_aarch64.whl", hash = "sha256:d69281c281cb01994f054d862a6bb02a2e7acfe64917795c58934b0872b9ece4"},
    {file = "mmh3-5.1.0-cp310-cp310-manylinux_2_17_ppc64le.manylinux2014_ppc64le.whl", hash = "sha256:4d05ed3962312fbda2a1589b97359d2467f677166952f6bd410d8c916a55febf"},
    {file = "mmh3-5.1.0-cp310-cp310-manylinux_2_17_s390x.manylinux2014_s390x.whl", hash = "sha256:78ae6a03f4cff4aa92ddd690611168856f8c33a141bd3e5a1e0a85521dc21ea0"},
    {file = "mmh3-5.1.0-cp310-cp310-manylinux_2_5_i686.manylinux1_i686.manylinux_2_17_i686.manylinux2014_i686.whl", hash = "sha256:95f983535b39795d9fb7336438faae117424c6798f763d67c6624f6caf2c4c01"},
    {file = "mmh3-5.1.0-cp310-cp310-manylinux_2_5_x86_64.manylinux1_x86_64.manylinux_2_17_x86_64.manylinux2014_x86_64.whl", hash = "sha256:d46fdd80d4c7ecadd9faa6181e92ccc6fe91c50991c9af0e371fdf8b8a7a6150"},
    {file = "mmh3-5.1.0-cp310-cp310-musllinux_1_2_aarch64.whl", hash = "sha256:0f16e976af7365ea3b5c425124b2a7f0147eed97fdbb36d99857f173c8d8e096"},
    {file = "mmh3-5.1.0-cp310-cp310-musllinux_1_2_i686.whl", hash = "sha256:6fa97f7d1e1f74ad1565127229d510f3fd65d931fdedd707c1e15100bc9e5ebb"},
    {file = "mmh3-5.1.0-cp310-cp310-musllinux_1_2_ppc64le.whl", hash = "sha256:4052fa4a8561bd62648e9eb993c8f3af3bdedadf3d9687aa4770d10e3709a80c"},
    {file = "mmh3-5.1.0-cp310-cp310-musllinux_1_2_s390x.whl", hash = "sha256:3f0e8ae9f961037f812afe3cce7da57abf734285961fffbeff9a4c011b737732"},
    {file = "mmh3-5.1.0-cp310-cp310-musllinux_1_2_x86_64.whl", hash = "sha256:99297f207db967814f1f02135bb7fe7628b9eacb046134a34e1015b26b06edce"},
    {file = "mmh3-5.1.0-cp310-cp310-win32.whl", hash = "sha256:2e6c8dc3631a5e22007fbdb55e993b2dbce7985c14b25b572dd78403c2e79182"},
    {file = "mmh3-5.1.0-cp310-cp310-win_amd64.whl", hash = "sha256:e4e8c7ad5a4dddcfde35fd28ef96744c1ee0f9d9570108aa5f7e77cf9cfdf0bf"},
    {file = "mmh3-5.1.0-cp310-cp310-win_arm64.whl", hash = "sha256:45da549269883208912868a07d0364e1418d8292c4259ca11699ba1b2475bd26"},
    {file = "mmh3-5.1.0-cp311-cp311-macosx_10_9_universal2.whl", hash = "sha256:0b529dcda3f951ff363a51d5866bc6d63cf57f1e73e8961f864ae5010647079d"},
    {file = "mmh3-5.1.0-cp311-cp311-macosx_10_9_x86_64.whl", hash = "sha256:4db1079b3ace965e562cdfc95847312f9273eb2ad3ebea983435c8423e06acd7"},
    {file = "mmh3-5.1.0-cp311-cp311-macosx_11_0_arm64.whl", hash = "sha256:22d31e3a0ff89b8eb3b826d6fc8e19532998b2aa6b9143698043a1268da413e1"},
    {file = "mmh3-5.1.0-cp311-cp311-manylinux_2_17_aarch64.manylinux2014_aarch64.whl", hash = "sha256:2139bfbd354cd6cb0afed51c4b504f29bcd687a3b1460b7e89498329cc28a894"},
    {file = "mmh3-5.1.0-cp311-cp311-manylinux_2_17_ppc64le.manylinux2014_ppc64le.whl", hash = "sha256:8c8105c6a435bc2cd6ea2ef59558ab1a2976fd4a4437026f562856d08996673a"},
    {file = "mmh3-5.1.0-cp311-cp311-manylinux_2_17_s390x.manylinux2014_s390x.whl", hash = "sha256:57730067174a7f36fcd6ce012fe359bd5510fdaa5fe067bc94ed03e65dafb769"},
    {file = "mmh3-5.1.0-cp311-cp311-manylinux_2_5_i686.manylinux1_i686.manylinux_2_17_i686.manylinux2014_i686.whl", hash = "sha256:bde80eb196d7fdc765a318604ded74a4378f02c5b46c17aa48a27d742edaded2"},
    {file = "mmh3-5.1.0-cp311-cp311-manylinux_2_5_x86_64.manylinux1_x86_64.manylinux_2_17_x86_64.manylinux2014_x86_64.whl", hash = "sha256:e9c8eddcb441abddeb419c16c56fd74b3e2df9e57f7aa2903221996718435c7a"},
    {file = "mmh3-5.1.0-cp311-cp311-musllinux_1_2_aarch64.whl", hash = "sha256:99e07e4acafbccc7a28c076a847fb060ffc1406036bc2005acb1b2af620e53c3"},
    {file = "mmh3-5.1.0-cp311-cp311-musllinux_1_2_i686.whl", hash = "sha256:9e25ba5b530e9a7d65f41a08d48f4b3fedc1e89c26486361166a5544aa4cad33"},
    {file = "mmh3-5.1.0-cp311-cp311-musllinux_1_2_ppc64le.whl", hash = "sha256:bb9bf7475b4d99156ce2f0cf277c061a17560c8c10199c910a680869a278ddc7"},
    {file = "mmh3-5.1.0-cp311-cp311-musllinux_1_2_s390x.whl", hash = "sha256:2a1b0878dd281ea3003368ab53ff6f568e175f1b39f281df1da319e58a19c23a"},
    {file = "mmh3-5.1.0-cp311-cp311-musllinux_1_2_x86_64.whl", hash = "sha256:25f565093ac8b8aefe0f61f8f95c9a9d11dd69e6a9e9832ff0d293511bc36258"},
    {file = "mmh3-5.1.0-cp311-cp311-win32.whl", hash = "sha256:1e3554d8792387eac73c99c6eaea0b3f884e7130eb67986e11c403e4f9b6d372"},
    {file = "mmh3-5.1.0-cp311-cp311-win_amd64.whl", hash = "sha256:8ad777a48197882492af50bf3098085424993ce850bdda406a358b6ab74be759"},
    {file = "mmh3-5.1.0-cp311-cp311-win_arm64.whl", hash = "sha256:f29dc4efd99bdd29fe85ed6c81915b17b2ef2cf853abf7213a48ac6fb3eaabe1"},
    {file = "mmh3-5.1.0-cp312-cp312-macosx_10_13_universal2.whl", hash = "sha256:45712987367cb9235026e3cbf4334670522a97751abfd00b5bc8bfa022c3311d"},
    {file = "mmh3-5.1.0-cp312-cp312-macosx_10_13_x86_64.whl", hash = "sha256:b1020735eb35086ab24affbea59bb9082f7f6a0ad517cb89f0fc14f16cea4dae"},
    {file = "mmh3-5.1.0-cp312-cp312-macosx_11_0_arm64.whl", hash = "sha256:babf2a78ce5513d120c358722a2e3aa7762d6071cd10cede026f8b32452be322"},
    {file = "mmh3-5.1.0-cp312-cp312-manylinux_2_17_aarch64.manylinux2014_aarch64.whl", hash = "sha256:d4f47f58cd5cbef968c84a7c1ddc192fef0a36b48b0b8a3cb67354531aa33b00"},
    {file = "mmh3-5.1.0-cp312-cp312-manylinux_2_17_ppc64le.manylinux2014_ppc64le.whl", hash = "sha256:2044a601c113c981f2c1e14fa33adc9b826c9017034fe193e9eb49a6882dbb06"},
    {file = "mmh3-5.1.0-cp312-cp312-manylinux_2_17_s390x.manylinux2014_s390x.whl", hash = "sha256:c94d999c9f2eb2da44d7c2826d3fbffdbbbbcde8488d353fee7c848ecc42b968"},
    {file = "mmh3-5.1.0-cp312-cp312-manylinux_2_5_i686.manylinux1_i686.manylinux_2_17_i686.manylinux2014_i686.whl", hash = "sha256:a015dcb24fa0c7a78f88e9419ac74f5001c1ed6a92e70fd1803f74afb26a4c83"},
    {file = "mmh3-5.1.0-cp312-cp312-manylinux_2_5_x86_64.manylinux1_x86_64.manylinux_2_17_x86_64.manylinux2014_x86_64.whl", hash = "sha256:457da019c491a2d20e2022c7d4ce723675e4c081d9efc3b4d8b9f28a5ea789bd"},
    {file = "mmh3-5.1.0-cp312-cp312-musllinux_1_2_aarch64.whl", hash = "sha256:71408579a570193a4ac9c77344d68ddefa440b00468a0b566dcc2ba282a9c559"},
    {file = "mmh3-5.1.0-cp312-cp312-musllinux_1_2_i686.whl", hash = "sha256:8b3a04bc214a6e16c81f02f855e285c6df274a2084787eeafaa45f2fbdef1b63"},
    {file = "mmh3-5.1.0-cp312-cp312-musllinux_1_2_ppc64le.whl", hash = "sha256:832dae26a35514f6d3c1e267fa48e8de3c7b978afdafa0529c808ad72e13ada3"},
    {file = "mmh3-5.1.0-cp312-cp312-musllinux_1_2_s390x.whl", hash = "sha256:bf658a61fc92ef8a48945ebb1076ef4ad74269e353fffcb642dfa0890b13673b"},
    {file = "mmh3-5.1.0-cp312-cp312-musllinux_1_2_x86_64.whl", hash = "sha256:3313577453582b03383731b66447cdcdd28a68f78df28f10d275d7d19010c1df"},
    {file = "mmh3-5.1.0-cp312-cp312-win32.whl", hash = "sha256:1d6508504c531ab86c4424b5a5ff07c1132d063863339cf92f6657ff7a580f76"},
    {file = "mmh3-5.1.0-cp312-cp312-win_amd64.whl", hash = "sha256:aa75981fcdf3f21759d94f2c81b6a6e04a49dfbcdad88b152ba49b8e20544776"},
    {file = "mmh3-5.1.0-cp312-cp312-win_arm64.whl", hash = "sha256:a4c1a76808dfea47f7407a0b07aaff9087447ef6280716fd0783409b3088bb3c"},
    {file = "mmh3-5.1.0-cp313-cp313-macosx_10_13_universal2.whl", hash = "sha256:7a523899ca29cfb8a5239618474a435f3d892b22004b91779fcb83504c0d5b8c"},
    {file = "mmh3-5.1.0-cp313-cp313-macosx_10_13_x86_64.whl", hash = "sha256:17cef2c3a6ca2391ca7171a35ed574b5dab8398163129a3e3a4c05ab85a4ff40"},
    {file = "mmh3-5.1.0-cp313-cp313-macosx_11_0_arm64.whl", hash = "sha256:52e12895b30110f3d89dae59a888683cc886ed0472dd2eca77497edef6161997"},
    {file = "mmh3-5.1.0-cp313-cp313-manylinux_2_17_aarch64.manylinux2014_aarch64.whl", hash = "sha256:e0d6719045cda75c3f40397fc24ab67b18e0cb8f69d3429ab4c39763c4c608dd"},
    {file = "mmh3-5.1.0-cp313-cp313-manylinux_2_17_ppc64le.manylinux2014_ppc64le.whl", hash = "sha256:d19fa07d303a91f8858982c37e6939834cb11893cb3ff20e6ee6fa2a7563826a"},
    {file = "mmh3-5.1.0-cp313-cp313-manylinux_2_17_s390x.manylinux2014_s390x.whl", hash = "sha256:31b47a620d622fbde8ca1ca0435c5d25de0ac57ab507209245e918128e38e676"},
    {file = "mmh3-5.1.0-cp313-cp313-manylinux_2_5_i686.manylinux1_i686.manylinux_2_17_i686.manylinux2014_i686.whl", hash = "sha256:00f810647c22c179b6821079f7aa306d51953ac893587ee09cf1afb35adf87cb"},
    {file = "mmh3-5.1.0-cp313-cp313-manylinux_2_5_x86_64.manylinux1_x86_64.manylinux_2_17_x86_64.manylinux2014_x86_64.whl", hash = "sha256:f6128b610b577eed1e89ac7177ab0c33d06ade2aba93f5c89306032306b5f1c6"},
    {file = "mmh3-5.1.0-cp313-cp313-musllinux_1_2_aarch64.whl", hash = "sha256:1e550a45d2ff87a1c11b42015107f1778c93f4c6f8e731bf1b8fa770321b8cc4"},
    {file = "mmh3-5.1.0-cp313-cp313-musllinux_1_2_i686.whl", hash = "sha256:785ae09276342f79fd8092633e2d52c0f7c44d56e8cfda8274ccc9b76612dba2"},
    {file = "mmh3-5.1.0-cp313-cp313-musllinux_1_2_ppc64le.whl", hash = "sha256:0f4be3703a867ef976434afd3661a33884abe73ceb4ee436cac49d3b4c2aaa7b"},
    {file = "mmh3-5.1.0-cp313-cp313-musllinux_1_2_s390x.whl", hash = "sha256:e513983830c4ff1f205ab97152a0050cf7164f1b4783d702256d39c637b9d107"},
    {file = "mmh3-5.1.0-cp313-cp313-musllinux_1_2_x86_64.whl", hash = "sha256:b9135c300535c828c0bae311b659f33a31c941572eae278568d1a953c4a57b59"},
    {file = "mmh3-5.1.0-cp313-cp313-win32.whl", hash = "sha256:c65dbd12885a5598b70140d24de5839551af5a99b29f9804bb2484b29ef07692"},
    {file = "mmh3-5.1.0-cp313-cp313-win_amd64.whl", hash = "sha256:10db7765201fc65003fa998faa067417ef6283eb5f9bba8f323c48fd9c33e91f"},
    {file = "mmh3-5.1.0-cp313-cp313-win_arm64.whl", hash = "sha256:b22fe2e54be81f6c07dcb36b96fa250fb72effe08aa52fbb83eade6e1e2d5fd7"},
    {file = "mmh3-5.1.0-cp39-cp39-macosx_10_9_universal2.whl", hash = "sha256:166b67749a1d8c93b06f5e90576f1ba838a65c8e79f28ffd9dfafba7c7d0a084"},
    {file = "mmh3-5.1.0-cp39-cp39-macosx_10_9_x86_64.whl", hash = "sha256:adba83c7ba5cc8ea201ee1e235f8413a68e7f7b8a657d582cc6c6c9d73f2830e"},
    {file = "mmh3-5.1.0-cp39-cp39-macosx_11_0_arm64.whl", hash = "sha256:a61f434736106804eb0b1612d503c4e6eb22ba31b16e6a2f987473de4226fa55"},
    {file = "mmh3-5.1.0-cp39-cp39-manylinux_2_17_aarch64.manylinux2014_aarch64.whl", hash = "sha256:ba9ce59816b30866093f048b3312c2204ff59806d3a02adee71ff7bd22b87554"},
    {file = "mmh3-5.1.0-cp39-cp39-manylinux_2_17_ppc64le.manylinux2014_ppc64le.whl", hash = "sha256:cd51597bef1e503363b05cb579db09269e6e6c39d419486626b255048daf545b"},
    {file = "mmh3-5.1.0-cp39-cp39-manylinux_2_17_s390x.manylinux2014_s390x.whl", hash = "sha256:d51a1ed642d3fb37b8f4cab966811c52eb246c3e1740985f701ef5ad4cdd2145"},
    {file = "mmh3-5.1.0-cp39-cp39-manylinux_2_5_i686.manylinux1_i686.manylinux_2_17_i686.manylinux2014_i686.whl", hash = "sha256:709bfe81c53bf8a3609efcbd65c72305ade60944f66138f697eefc1a86b6e356"},
    {file = "mmh3-5.1.0-cp39-cp39-manylinux_2_5_x86_64.manylinux1_x86_64.manylinux_2_17_x86_64.manylinux2014_x86_64.whl", hash = "sha256:e01a9b0092b6f82e861137c8e9bb9899375125b24012eb5219e61708be320032"},
    {file = "mmh3-5.1.0-cp39-cp39-musllinux_1_2_aarch64.whl", hash = "sha256:27e46a2c13c9a805e03c9ec7de0ca8e096794688ab2125bdce4229daf60c4a56"},
    {file = "mmh3-5.1.0-cp39-cp39-musllinux_1_2_i686.whl", hash = "sha256:5766299c1d26f6bfd0a638e070bd17dbd98d4ccb067d64db3745bf178e700ef0"},
    {file = "mmh3-5.1.0-cp39-cp39-musllinux_1_2_ppc64le.whl", hash = "sha256:7785205e3e4443fdcbb73766798c7647f94c2f538b90f666688f3e757546069e"},
    {file = "mmh3-5.1.0-cp39-cp39-musllinux_1_2_s390x.whl", hash = "sha256:8e574fbd39afb433b3ab95683b1b4bf18313dc46456fc9daaddc2693c19ca565"},
    {file = "mmh3-5.1.0-cp39-cp39-musllinux_1_2_x86_64.whl", hash = "sha256:1b6727a5a20e32cbf605743749f3862abe5f5e097cbf2afc7be5aafd32a549ae"},
    {file = "mmh3-5.1.0-cp39-cp39-win32.whl", hash = "sha256:d6eaa711d4b9220fe5252032a44bf68e5dcfb7b21745a96efc9e769b0dd57ec2"},
    {file = "mmh3-5.1.0-cp39-cp39-win_amd64.whl", hash = "sha256:49d444913f6c02980e5241a53fe9af2338f2043d6ce5b6f5ea7d302c52c604ac"},
    {file = "mmh3-5.1.0-cp39-cp39-win_arm64.whl", hash = "sha256:0daaeaedd78773b70378f2413c7d6b10239a75d955d30d54f460fb25d599942d"},
    {file = "mmh3-5.1.0.tar.gz", hash = "sha256:136e1e670500f177f49ec106a4ebf0adf20d18d96990cc36ea492c651d2b406c"},
]

[package.extras]
benchmark = ["pymmh3 (==0.0.5)", "pyperf (==2.8.1)", "xxhash (==3.5.0)"]
docs = ["myst-parser (==4.0.0)", "shibuya (==2024.12.21)", "sphinx (==8.1.3)", "sphinx-copybutton (==0.5.2)"]
lint = ["black (==24.10.0)", "clang-format (==19.1.7)", "isort (==5.13.2)", "pylint (==3.3.3)"]
plot = ["matplotlib (==3.10.0)", "pandas (==2.2.3)"]
test = ["pytest (==8.3.4)", "pytest-sugar (==1.0.0)"]
type = ["mypy (==1.14.1)"]

[[package]]
name = "werkzeug"
version = "3.1.3"
description = "The comprehensive WSGI web application library."
optional = false
python-versions = ">=3.9"
files = [
    {file = "werkzeug-3.1.3-py3-none-any.whl", hash = "sha256:54b78bf3716d19a65be4fceccc0d1d7b89e608834989dfae50ea87564639213e"},
    {file = "werkzeug-3.1.3.tar.gz", hash = "sha256:60723ce945c19328679790e3282cc758aa4a6040e4bb330f53d30fa546d44746"},
]

[package.dependencies]
MarkupSafe = ">=2.1.1"

[package.extras]
watchdog = ["watchdog (>=2.3)"]

[metadata]
lock-version = "2.0"
python-versions = "^3.11"
content-hash = "3cf9c927297382449fd9789d6f4a885fb4ba2ffb4368530ef3a37e910526ddcc"
